{
  "version": 4,
  "terraform_version": "0.12.24",
  "serial": 25,
  "lineage": "05a456ba-012c-22dd-51b3-c86e003357ab",
  "outputs": {
    "gcp_external_vpn_address_1": {
      "value": "35.242.126.28",
      "type": "string"
    },
    "gcp_external_vpn_address_2": {
      "value": "35.220.87.218",
      "type": "string"
    },
    "gcp_instance1_external_ip": {
      "value": "35.222.52.56",
      "type": "string"
    },
    "gcp_instance1_internal_ip": {
      "value": "10.0.1.3",
      "type": "string"
    },
    "gcp_instance2_external_ip": {
      "value": "34.83.193.162",
      "type": "string"
    },
    "gcp_instance2_internal_ip": {
      "value": "10.0.2.2",
      "type": "string"
    }
  },
  "resources": [
    {
      "mode": "managed",
      "type": "google_compute_external_vpn_gateway",
      "name": "external_gateway",
      "provider": "provider.google-beta",
      "instances": [
        {
          "schema_version": 0,
          "attributes": {
            "description": "An externally managed VPN gateway",
            "id": "projects/terraform-testing-272920/global/externalVpnGateways/hq-cisco",
            "interface": [
              {
                "id": 0,
                "ip_address": "45.48.228.27"
              }
            ],
            "name": "hq-cisco",
            "project": "terraform-testing-272920",
            "redundancy_type": "SINGLE_IP_INTERNALLY_REDUNDANT",
            "self_link": "https://www.googleapis.com/compute/v1/projects/terraform-testing-272920/global/externalVpnGateways/hq-cisco",
            "timeouts": null
          },
          "private": "eyJlMmJmYjczMC1lY2FhLTExZTYtOGY4OC0zNDM2M2JjN2M0YzAiOnsiY3JlYXRlIjoyNDAwMDAwMDAwMDAsImRlbGV0ZSI6MjQwMDAwMDAwMDAwfX0="
        }
      ]
    },
    {
      "mode": "managed",
      "type": "google_compute_firewall",
      "name": "tf_firewall",
      "provider": "provider.google",
      "instances": [
        {
          "schema_version": 1,
          "attributes": {
            "allow": [
              {
                "ports": [
                  "22",
                  "80",
                  "443"
                ],
                "protocol": "tcp"
              },
              {
                "ports": [],
                "protocol": "icmp"
              }
            ],
            "creation_timestamp": "2020-04-02T18:31:43.239-07:00",
            "deny": [],
            "description": "",
            "destination_ranges": [],
            "direction": "INGRESS",
            "disabled": false,
            "enable_logging": false,
            "id": "projects/terraform-testing-272920/global/firewalls/terraform-firewall",
            "name": "terraform-firewall",
            "network": "https://www.googleapis.com/compute/v1/projects/terraform-testing-272920/global/networks/tf-vpc-net-1",
            "priority": 1000,
            "project": "terraform-testing-272920",
            "self_link": "https://www.googleapis.com/compute/v1/projects/terraform-testing-272920/global/firewalls/terraform-firewall",
            "source_ranges": [
              "0.0.0.0/0"
            ],
            "source_service_accounts": [],
            "source_tags": [],
            "target_service_accounts": [],
            "target_tags": [],
            "timeouts": null
          },
          "private": "eyJlMmJmYjczMC1lY2FhLTExZTYtOGY4OC0zNDM2M2JjN2M0YzAiOnsiY3JlYXRlIjoyNDAwMDAwMDAwMDAsImRlbGV0ZSI6MjQwMDAwMDAwMDAwLCJ1cGRhdGUiOjI0MDAwMDAwMDAwMH0sInNjaGVtYV92ZXJzaW9uIjoiMSJ9",
          "dependencies": [
            "google_compute_network.tf_vpc_net1"
          ]
        }
      ]
    },
    {
      "mode": "managed",
      "type": "google_compute_ha_vpn_gateway",
      "name": "ha_gateway1",
      "provider": "provider.google-beta",
      "instances": [
        {
          "schema_version": 0,
          "attributes": {
            "description": "",
            "id": "projects/terraform-testing-272920/regions/us-central1/vpnGateways/ha-vpn-1",
            "name": "ha-vpn-1",
            "network": "https://www.googleapis.com/compute/v1/projects/terraform-testing-272920/global/networks/tf-vpc-net-1",
            "project": "terraform-testing-272920",
            "region": "us-central1",
            "self_link": "https://www.googleapis.com/compute/v1/projects/terraform-testing-272920/regions/us-central1/vpnGateways/ha-vpn-1",
            "timeouts": null,
            "vpn_interfaces": [
              {
                "id": 0,
                "ip_address": "35.242.126.28"
              },
              {
                "id": 1,
                "ip_address": "35.220.87.218"
              }
            ]
          },
          "private": "eyJlMmJmYjczMC1lY2FhLTExZTYtOGY4OC0zNDM2M2JjN2M0YzAiOnsiY3JlYXRlIjoyNDAwMDAwMDAwMDAsImRlbGV0ZSI6MjQwMDAwMDAwMDAwfX0=",
          "dependencies": [
            "google_compute_network.tf_vpc_net1"
          ]
        }
      ]
    },
    {
      "mode": "managed",
      "type": "google_compute_instance",
      "name": "vm_instance1",
      "provider": "provider.google",
      "instances": [
        {
          "schema_version": 6,
          "attributes": {
            "allow_stopping_for_update": null,
            "attached_disk": [],
            "boot_disk": [
              {
                "auto_delete": true,
                "device_name": "persistent-disk-0",
                "disk_encryption_key_raw": "",
                "disk_encryption_key_sha256": "",
                "initialize_params": [
                  {
                    "image": "https://www.googleapis.com/compute/v1/projects/debian-cloud/global/images/debian-9-stretch-v20200309",
                    "labels": {},
                    "size": 10,
                    "type": "pd-standard"
                  }
                ],
                "kms_key_self_link": "",
                "mode": "READ_WRITE",
                "source": "https://www.googleapis.com/compute/v1/projects/terraform-testing-272920/zones/us-central1-a/disks/terraform-intance-1"
              }
            ],
            "can_ip_forward": false,
            "cpu_platform": "Intel Haswell",
            "current_status": "RUNNING",
            "deletion_protection": false,
            "description": "",
            "desired_status": null,
            "enable_display": false,
            "guest_accelerator": [],
            "hostname": "",
            "id": "projects/terraform-testing-272920/zones/us-central1-a/instances/terraform-intance-1",
            "instance_id": "4379963541296982211",
            "label_fingerprint": "42WmSpB8rSM=",
            "labels": {},
            "machine_type": "f1-micro",
            "metadata": {},
            "metadata_fingerprint": "imeZ7Mw0LUQ=",
            "metadata_startup_script": "",
            "min_cpu_platform": "",
            "name": "terraform-intance-1",
            "network_interface": [
              {
                "access_config": [
                  {
                    "nat_ip": "35.222.52.56",
                    "network_tier": "PREMIUM",
                    "public_ptr_domain_name": ""
                  }
                ],
                "alias_ip_range": [],
                "name": "nic0",
                "network": "https://www.googleapis.com/compute/v1/projects/terraform-testing-272920/global/networks/tf-vpc-net-1",
                "network_ip": "10.0.1.3",
                "subnetwork": "https://www.googleapis.com/compute/v1/projects/terraform-testing-272920/regions/us-central1/subnetworks/ha-vpn-subnet-1",
                "subnetwork_project": "terraform-testing-272920"
              }
            ],
            "project": "terraform-testing-272920",
            "scheduling": [
              {
                "automatic_restart": true,
                "node_affinities": [],
                "on_host_maintenance": "MIGRATE",
                "preemptible": false
              }
            ],
            "scratch_disk": [],
            "self_link": "https://www.googleapis.com/compute/v1/projects/terraform-testing-272920/zones/us-central1-a/instances/terraform-intance-1",
            "service_account": [],
            "shielded_instance_config": [],
            "tags": [],
            "tags_fingerprint": "42WmSpB8rSM=",
            "timeouts": null,
            "zone": "us-central1-a"
          },
          "private": "eyJlMmJmYjczMC1lY2FhLTExZTYtOGY4OC0zNDM2M2JjN2M0YzAiOnsiY3JlYXRlIjoxMjAwMDAwMDAwMDAwLCJkZWxldGUiOjEyMDAwMDAwMDAwMDAsInVwZGF0ZSI6MTIwMDAwMDAwMDAwMH0sInNjaGVtYV92ZXJzaW9uIjoiNiJ9",
          "dependencies": [
            "google_compute_subnetwork.tf_vpc_net1_subnet1"
          ]
        }
      ]
    },
    {
      "mode": "managed",
      "type": "google_compute_instance",
      "name": "vm_instance2",
      "provider": "provider.google",
      "instances": [
        {
          "schema_version": 6,
          "attributes": {
            "allow_stopping_for_update": null,
            "attached_disk": [],
            "boot_disk": [
              {
                "auto_delete": true,
                "device_name": "persistent-disk-0",
                "disk_encryption_key_raw": "",
                "disk_encryption_key_sha256": "",
                "initialize_params": [
                  {
                    "image": "https://www.googleapis.com/compute/v1/projects/debian-cloud/global/images/debian-9-stretch-v20200309",
                    "labels": {},
                    "size": 10,
                    "type": "pd-standard"
                  }
                ],
                "kms_key_self_link": "",
                "mode": "READ_WRITE",
                "source": "https://www.googleapis.com/compute/v1/projects/terraform-testing-272920/zones/us-west1-b/disks/terraform-intance-2"
              }
            ],
            "can_ip_forward": false,
            "cpu_platform": "Intel Broadwell",
            "current_status": "RUNNING",
            "deletion_protection": false,
            "description": "",
            "desired_status": null,
            "enable_display": false,
            "guest_accelerator": [],
            "hostname": "",
            "id": "projects/terraform-testing-272920/zones/us-west1-b/instances/terraform-intance-2",
            "instance_id": "5147422833578289165",
            "label_fingerprint": "42WmSpB8rSM=",
            "labels": {},
            "machine_type": "f1-micro",
            "metadata": {},
            "metadata_fingerprint": "imeZ7Mw0LUQ=",
            "metadata_startup_script": "",
            "min_cpu_platform": "",
            "name": "terraform-intance-2",
            "network_interface": [
              {
                "access_config": [
                  {
                    "nat_ip": "34.83.193.162",
                    "network_tier": "PREMIUM",
                    "public_ptr_domain_name": ""
                  }
                ],
                "alias_ip_range": [],
                "name": "nic0",
                "network": "https://www.googleapis.com/compute/v1/projects/terraform-testing-272920/global/networks/tf-vpc-net-1",
                "network_ip": "10.0.2.2",
                "subnetwork": "https://www.googleapis.com/compute/v1/projects/terraform-testing-272920/regions/us-west1/subnetworks/ha-vpn-subnet-2",
                "subnetwork_project": "terraform-testing-272920"
              }
            ],
            "project": "terraform-testing-272920",
            "scheduling": [
              {
                "automatic_restart": true,
                "node_affinities": [],
                "on_host_maintenance": "MIGRATE",
                "preemptible": false
              }
            ],
            "scratch_disk": [],
            "self_link": "https://www.googleapis.com/compute/v1/projects/terraform-testing-272920/zones/us-west1-b/instances/terraform-intance-2",
            "service_account": [],
            "shielded_instance_config": [],
            "tags": [],
            "tags_fingerprint": "42WmSpB8rSM=",
            "timeouts": null,
            "zone": "us-west1-b"
          },
          "private": "eyJlMmJmYjczMC1lY2FhLTExZTYtOGY4OC0zNDM2M2JjN2M0YzAiOnsiY3JlYXRlIjoxMjAwMDAwMDAwMDAwLCJkZWxldGUiOjEyMDAwMDAwMDAwMDAsInVwZGF0ZSI6MTIwMDAwMDAwMDAwMH0sInNjaGVtYV92ZXJzaW9uIjoiNiJ9",
          "dependencies": [
            "google_compute_subnetwork.tf_vpc_net1_subnet2"
          ]
        }
      ]
    },
    {
      "mode": "managed",
      "type": "google_compute_network",
      "name": "tf_vpc_net1",
      "provider": "provider.google",
      "instances": [
        {
          "schema_version": 0,
          "attributes": {
            "auto_create_subnetworks": false,
            "delete_default_routes_on_create": false,
            "description": "",
            "gateway_ipv4": "",
            "id": "projects/terraform-testing-272920/global/networks/tf-vpc-net-1",
            "ipv4_range": null,
            "name": "tf-vpc-net-1",
            "project": "terraform-testing-272920",
            "routing_mode": "GLOBAL",
            "self_link": "https://www.googleapis.com/compute/v1/projects/terraform-testing-272920/global/networks/tf-vpc-net-1",
            "timeouts": null
          },
          "private": "eyJlMmJmYjczMC1lY2FhLTExZTYtOGY4OC0zNDM2M2JjN2M0YzAiOnsiY3JlYXRlIjoyNDAwMDAwMDAwMDAsImRlbGV0ZSI6MjQwMDAwMDAwMDAwLCJ1cGRhdGUiOjI0MDAwMDAwMDAwMH19"
        }
      ]
    },
    {
      "mode": "managed",
      "type": "google_compute_router",
      "name": "router1",
      "provider": "provider.google",
      "instances": [
        {
          "schema_version": 0,
          "attributes": {
            "bgp": [
              {
                "advertise_mode": "DEFAULT",
                "advertised_groups": [],
                "advertised_ip_ranges": [],
                "asn": 64997
              }
            ],
            "creation_timestamp": "2020-04-02T17:50:07.001-07:00",
            "description": "",
            "id": "projects/terraform-testing-272920/regions/us-central1/routers/ha-vpn-router-1",
            "name": "ha-vpn-router-1",
            "network": "https://www.googleapis.com/compute/v1/projects/terraform-testing-272920/global/networks/tf-vpc-net-1",
            "project": "terraform-testing-272920",
            "region": "us-central1",
            "self_link": "https://www.googleapis.com/compute/v1/projects/terraform-testing-272920/regions/us-central1/routers/ha-vpn-router-1",
            "timeouts": null
          },
          "private": "eyJlMmJmYjczMC1lY2FhLTExZTYtOGY4OC0zNDM2M2JjN2M0YzAiOnsiY3JlYXRlIjoyNDAwMDAwMDAwMDAsImRlbGV0ZSI6MjQwMDAwMDAwMDAwLCJ1cGRhdGUiOjI0MDAwMDAwMDAwMH19",
          "dependencies": [
            "google_compute_network.tf_vpc_net1"
          ]
        }
      ]
    },
    {
      "mode": "managed",
      "type": "google_compute_router_interface",
      "name": "router1_interface1",
      "provider": "provider.google",
      "instances": [
        {
          "schema_version": 0,
          "attributes": {
            "id": "us-central1/ha-vpn-router-1/router1-interface1",
            "interconnect_attachment": "",
            "ip_range": "169.254.0.1/30",
            "name": "router1-interface1",
            "project": "terraform-testing-272920",
            "region": "us-central1",
            "router": "ha-vpn-router-1",
            "vpn_tunnel": "https://www.googleapis.com/compute/v1/projects/terraform-testing-272920/regions/us-central1/vpnTunnels/ha-vpn-tunnel1"
          },
          "private": "bnVsbA==",
          "dependencies": [
            "google_compute_external_vpn_gateway.external_gateway",
            "google_compute_ha_vpn_gateway.ha_gateway1",
            "google_compute_network.tf_vpc_net1",
            "google_compute_router.router1",
            "google_compute_vpn_tunnel.tunnel1"
          ]
        }
      ]
    },
    {
      "mode": "managed",
      "type": "google_compute_router_interface",
      "name": "router1_interface2",
      "provider": "provider.google",
      "instances": [
        {
          "schema_version": 0,
          "attributes": {
            "id": "us-central1/ha-vpn-router-1/router1-interface2",
            "interconnect_attachment": "",
            "ip_range": "169.254.1.1/30",
            "name": "router1-interface2",
            "project": "terraform-testing-272920",
            "region": "us-central1",
            "router": "ha-vpn-router-1",
            "vpn_tunnel": "https://www.googleapis.com/compute/v1/projects/terraform-testing-272920/regions/us-central1/vpnTunnels/ha-vpn-tunnel2"
          },
          "private": "bnVsbA==",
          "dependencies": [
            "google_compute_external_vpn_gateway.external_gateway",
            "google_compute_ha_vpn_gateway.ha_gateway1",
            "google_compute_network.tf_vpc_net1",
            "google_compute_router.router1",
            "google_compute_vpn_tunnel.tunnel2"
          ]
        }
      ]
    },
    {
      "mode": "managed",
      "type": "google_compute_router_peer",
      "name": "router1_peer1",
      "provider": "provider.google",
      "instances": [
        {
          "schema_version": 0,
          "attributes": {
            "advertise_mode": "DEFAULT",
            "advertised_groups": [],
            "advertised_ip_ranges": [],
            "advertised_route_priority": 100,
            "id": "projects/terraform-testing-272920/regions/us-central1/routers/ha-vpn-router-1/router1-peer1",
            "interface": "router1-interface1",
            "ip_address": "169.254.0.1",
            "management_type": "",
            "name": "router1-peer1",
            "peer_asn": 65000,
            "peer_ip_address": "169.254.0.2",
            "project": "terraform-testing-272920",
            "region": "us-central1",
            "router": "ha-vpn-router-1",
            "timeouts": null
          },
          "private": "eyJlMmJmYjczMC1lY2FhLTExZTYtOGY4OC0zNDM2M2JjN2M0YzAiOnsiY3JlYXRlIjo2MDAwMDAwMDAwMDAsImRlbGV0ZSI6NjAwMDAwMDAwMDAwLCJ1cGRhdGUiOjYwMDAwMDAwMDAwMH19",
          "dependencies": [
            "google_compute_external_vpn_gateway.external_gateway",
            "google_compute_ha_vpn_gateway.ha_gateway1",
            "google_compute_network.tf_vpc_net1",
            "google_compute_router.router1",
            "google_compute_router_interface.router1_interface1",
            "google_compute_vpn_tunnel.tunnel1"
          ]
        }
      ]
    },
    {
      "mode": "managed",
      "type": "google_compute_router_peer",
      "name": "router1_peer2",
      "provider": "provider.google",
      "instances": [
        {
          "schema_version": 0,
          "attributes": {
            "advertise_mode": "DEFAULT",
            "advertised_groups": [],
            "advertised_ip_ranges": [],
            "advertised_route_priority": 100,
            "id": "projects/terraform-testing-272920/regions/us-central1/routers/ha-vpn-router-1/router1-peer2",
            "interface": "router1-interface2",
            "ip_address": "169.254.1.1",
            "management_type": "",
            "name": "router1-peer2",
            "peer_asn": 65000,
            "peer_ip_address": "169.254.1.2",
            "project": "terraform-testing-272920",
            "region": "us-central1",
            "router": "ha-vpn-router-1",
            "timeouts": null
          },
          "private": "eyJlMmJmYjczMC1lY2FhLTExZTYtOGY4OC0zNDM2M2JjN2M0YzAiOnsiY3JlYXRlIjo2MDAwMDAwMDAwMDAsImRlbGV0ZSI6NjAwMDAwMDAwMDAwLCJ1cGRhdGUiOjYwMDAwMDAwMDAwMH19",
          "dependencies": [
            "google_compute_external_vpn_gateway.external_gateway",
            "google_compute_ha_vpn_gateway.ha_gateway1",
            "google_compute_network.tf_vpc_net1",
            "google_compute_router.router1",
            "google_compute_router_interface.router1_interface2",
            "google_compute_vpn_tunnel.tunnel2"
          ]
        }
      ]
    },
    {
      "mode": "managed",
      "type": "google_compute_subnetwork",
      "name": "tf_vpc_net1_subnet1",
      "provider": "provider.google",
      "instances": [
        {
          "schema_version": 0,
          "attributes": {
            "creation_timestamp": "2020-04-02T17:50:06.992-07:00",
            "description": "",
            "enable_flow_logs": null,
            "fingerprint": null,
            "gateway_address": "10.0.1.1",
            "id": "projects/terraform-testing-272920/regions/us-central1/subnetworks/ha-vpn-subnet-1",
            "ip_cidr_range": "10.0.1.0/24",
            "log_config": [],
            "name": "ha-vpn-subnet-1",
            "network": "https://www.googleapis.com/compute/v1/projects/terraform-testing-272920/global/networks/tf-vpc-net-1",
            "private_ip_google_access": false,
            "project": "terraform-testing-272920",
            "region": "us-central1",
            "secondary_ip_range": [],
            "self_link": "https://www.googleapis.com/compute/v1/projects/terraform-testing-272920/regions/us-central1/subnetworks/ha-vpn-subnet-1",
            "timeouts": null
          },
          "private": "eyJlMmJmYjczMC1lY2FhLTExZTYtOGY4OC0zNDM2M2JjN2M0YzAiOnsiY3JlYXRlIjozNjAwMDAwMDAwMDAsImRlbGV0ZSI6MzYwMDAwMDAwMDAwLCJ1cGRhdGUiOjM2MDAwMDAwMDAwMH19",
          "dependencies": [
            "google_compute_network.tf_vpc_net1"
          ]
        }
      ]
    },
    {
      "mode": "managed",
      "type": "google_compute_subnetwork",
      "name": "tf_vpc_net1_subnet2",
      "provider": "provider.google",
      "instances": [
        {
          "schema_version": 0,
          "attributes": {
            "creation_timestamp": "2020-04-02T17:50:06.893-07:00",
            "description": "",
            "enable_flow_logs": null,
            "fingerprint": null,
            "gateway_address": "10.0.2.1",
            "id": "projects/terraform-testing-272920/regions/us-west1/subnetworks/ha-vpn-subnet-2",
            "ip_cidr_range": "10.0.2.0/24",
            "log_config": [],
            "name": "ha-vpn-subnet-2",
            "network": "https://www.googleapis.com/compute/v1/projects/terraform-testing-272920/global/networks/tf-vpc-net-1",
            "private_ip_google_access": false,
            "project": "terraform-testing-272920",
            "region": "us-west1",
            "secondary_ip_range": [],
            "self_link": "https://www.googleapis.com/compute/v1/projects/terraform-testing-272920/regions/us-west1/subnetworks/ha-vpn-subnet-2",
            "timeouts": null
          },
          "private": "eyJlMmJmYjczMC1lY2FhLTExZTYtOGY4OC0zNDM2M2JjN2M0YzAiOnsiY3JlYXRlIjozNjAwMDAwMDAwMDAsImRlbGV0ZSI6MzYwMDAwMDAwMDAwLCJ1cGRhdGUiOjM2MDAwMDAwMDAwMH19",
          "dependencies": [
            "google_compute_network.tf_vpc_net1"
          ]
        }
      ]
    },
    {
      "mode": "managed",
      "type": "google_compute_vpn_tunnel",
      "name": "tunnel1",
      "provider": "provider.google-beta",
      "instances": [
        {
          "schema_version": 0,
          "attributes": {
            "creation_timestamp": "2020-04-02T17:50:19.211-07:00",
            "description": "",
            "detailed_status": "Tunnel is up and running.",
            "id": "projects/terraform-testing-272920/regions/us-central1/vpnTunnels/ha-vpn-tunnel1",
            "ike_version": 2,
            "label_fingerprint": "42WmSpB8rSM=",
            "labels": {},
            "local_traffic_selector": [
              "0.0.0.0/0"
            ],
            "name": "ha-vpn-tunnel1",
            "peer_external_gateway": "https://www.googleapis.com/compute/v1/projects/terraform-testing-272920/global/externalVpnGateways/hq-cisco",
            "peer_external_gateway_interface": 0,
            "peer_gcp_gateway": "",
            "peer_ip": "45.48.228.27",
            "project": "terraform-testing-272920",
            "region": "us-central1",
            "remote_traffic_selector": [
              "0.0.0.0/0"
            ],
            "router": "https://www.googleapis.com/compute/v1/projects/terraform-testing-272920/regions/us-central1/routers/ha-vpn-router-1",
            "self_link": "https://www.googleapis.com/compute/v1/projects/terraform-testing-272920/regions/us-central1/vpnTunnels/ha-vpn-tunnel1",
            "shared_secret": "d0v3r1a1d",
            "shared_secret_hash": "AOdTWcwjWXPaNZdzswV1Itvh5rOz",
            "target_vpn_gateway": "",
            "timeouts": null,
            "tunnel_id": "2373151965005428388",
            "vpn_gateway": "https://www.googleapis.com/compute/v1/projects/terraform-testing-272920/regions/us-central1/vpnGateways/ha-vpn-1",
            "vpn_gateway_interface": 0
          },
          "private": "eyJlMmJmYjczMC1lY2FhLTExZTYtOGY4OC0zNDM2M2JjN2M0YzAiOnsiY3JlYXRlIjoyNDAwMDAwMDAwMDAsImRlbGV0ZSI6MjQwMDAwMDAwMDAwLCJ1cGRhdGUiOjI0MDAwMDAwMDAwMH19",
          "dependencies": [
            "google_compute_external_vpn_gateway.external_gateway",
            "google_compute_ha_vpn_gateway.ha_gateway1",
            "google_compute_network.tf_vpc_net1",
            "google_compute_router.router1"
          ]
        }
      ]
    },
    {
      "mode": "managed",
      "type": "google_compute_vpn_tunnel",
      "name": "tunnel2",
      "provider": "provider.google-beta",
      "instances": [
        {
          "schema_version": 0,
          "attributes": {
            "creation_timestamp": "2020-04-02T17:50:19.530-07:00",
            "description": "",
            "detailed_status": "Tunnel is up and running.",
            "id": "projects/terraform-testing-272920/regions/us-central1/vpnTunnels/ha-vpn-tunnel2",
            "ike_version": 2,
            "label_fingerprint": "42WmSpB8rSM=",
            "labels": {},
            "local_traffic_selector": [
              "0.0.0.0/0"
            ],
            "name": "ha-vpn-tunnel2",
            "peer_external_gateway": "https://www.googleapis.com/compute/v1/projects/terraform-testing-272920/global/externalVpnGateways/hq-cisco",
            "peer_external_gateway_interface": 0,
            "peer_gcp_gateway": "",
            "peer_ip": "45.48.228.27",
            "project": "terraform-testing-272920",
            "region": "us-central1",
            "remote_traffic_selector": [
              "0.0.0.0/0"
            ],
            "router": "https://www.googleapis.com/compute/v1/projects/terraform-testing-272920/regions/us-central1/routers/ha-vpn-router-1",
            "self_link": "https://www.googleapis.com/compute/v1/projects/terraform-testing-272920/regions/us-central1/vpnTunnels/ha-vpn-tunnel2",
            "shared_secret": "d0v3r1a1d",
            "shared_secret_hash": "AA61nTMoCO0EOLDJpHkQP164B-5h",
            "target_vpn_gateway": "",
            "timeouts": null,
            "tunnel_id": "8259473715837482660",
            "vpn_gateway": "https://www.googleapis.com/compute/v1/projects/terraform-testing-272920/regions/us-central1/vpnGateways/ha-vpn-1",
            "vpn_gateway_interface": 1
          },
          "private": "eyJlMmJmYjczMC1lY2FhLTExZTYtOGY4OC0zNDM2M2JjN2M0YzAiOnsiY3JlYXRlIjoyNDAwMDAwMDAwMDAsImRlbGV0ZSI6MjQwMDAwMDAwMDAwLCJ1cGRhdGUiOjI0MDAwMDAwMDAwMH19",
          "dependencies": [
            "google_compute_external_vpn_gateway.external_gateway",
            "google_compute_ha_vpn_gateway.ha_gateway1",
            "google_compute_network.tf_vpc_net1",
            "google_compute_router.router1"
          ]
        }
      ]
    }
  ]
}
